// !$*UTF8*$!
{
	archiveVersion = 1;
	classes = {
	};
	objectVersion = 55;
	objects = {

/* Begin PBXBuildFile section */
		9D87F3FA286327DC00933C82 /* AppDelegate.swift in Sources */ = {isa = PBXBuildFile; fileRef = 9D87F3F9286327DC00933C82 /* AppDelegate.swift */; };
		9D87F3FC286327DC00933C82 /* SceneDelegate.swift in Sources */ = {isa = PBXBuildFile; fileRef = 9D87F3FB286327DC00933C82 /* SceneDelegate.swift */; };
		9D87F3FE286327DC00933C82 /* ViewController.swift in Sources */ = {isa = PBXBuildFile; fileRef = 9D87F3FD286327DC00933C82 /* ViewController.swift */; };
		9D87F401286327DC00933C82 /* Main.storyboard in Resources */ = {isa = PBXBuildFile; fileRef = 9D87F3FF286327DC00933C82 /* Main.storyboard */; };
		9D87F403286327DE00933C82 /* Assets.xcassets in Resources */ = {isa = PBXBuildFile; fileRef = 9D87F402286327DE00933C82 /* Assets.xcassets */; };
		9D87F406286327DE00933C82 /* LaunchScreen.storyboard in Resources */ = {isa = PBXBuildFile; fileRef = 9D87F404286327DE00933C82 /* LaunchScreen.storyboard */; };
		9D87F411286327DE00933C82 /* CompanyFinderTests.swift in Sources */ = {isa = PBXBuildFile; fileRef = 9D87F410286327DE00933C82 /* CompanyFinderTests.swift */; };
		9D87F41B286327DE00933C82 /* CompanyFinderUITests.swift in Sources */ = {isa = PBXBuildFile; fileRef = 9D87F41A286327DE00933C82 /* CompanyFinderUITests.swift */; };
		9D87F41D286327DE00933C82 /* CompanyFinderUITestsLaunchTests.swift in Sources */ = {isa = PBXBuildFile; fileRef = 9D87F41C286327DE00933C82 /* CompanyFinderUITestsLaunchTests.swift */; };
/* End PBXBuildFile section */

/* Begin PBXContainerItemProxy section */
		9D87F40D286327DE00933C82 /* PBXContainerItemProxy */ = {
			isa = PBXContainerItemProxy;
			containerPortal = 9D87F3EE286327DC00933C82 /* Project object */;
			proxyType = 1;
			remoteGlobalIDString = 9D87F3F5286327DC00933C82;
			remoteInfo = CompanyFinder;
		};
		9D87F417286327DE00933C82 /* PBXContainerItemProxy */ = {
			isa = PBXContainerItemProxy;
			containerPortal = 9D87F3EE286327DC00933C82 /* Project object */;
			proxyType = 1;
			remoteGlobalIDString = 9D87F3F5286327DC00933C82;
			remoteInfo = CompanyFinder;
		};
/* End PBXContainerItemProxy section */

/* Begin PBXFileReference section */
		9D87F3F6286327DC00933C82 /* CompanyFinder.app */ = {isa = PBXFileReference; explicitFileType = wrapper.application; includeInIndex = 0; path = CompanyFinder.app; sourceTree = BUILT_PRODUCTS_DIR; };
		9D87F3F9286327DC00933C82 /* AppDelegate.swift */ = {isa = PBXFileReference; lastKnownFileType = sourcecode.swift; path = AppDelegate.swift; sourceTree = "<group>"; };
		9D87F3FB286327DC00933C82 /* SceneDelegate.swift */ = {isa = PBXFileReference; lastKnownFileType = sourcecode.swift; path = SceneDelegate.swift; sourceTree = "<group>"; };
		9D87F3FD286327DC00933C82 /* ViewController.swift */ = {isa = PBXFileReference; lastKnownFileType = sourcecode.swift; path = ViewController.swift; sourceTree = "<group>"; };
		9D87F400286327DC00933C82 /* Base */ = {isa = PBXFileReference; lastKnownFileType = file.storyboard; name = Base; path = Base.lproj/Main.storyboard; sourceTree = "<group>"; };
		9D87F402286327DE00933C82 /* Assets.xcassets */ = {isa = PBXFileReference; lastKnownFileType = folder.assetcatalog; path = Assets.xcassets; sourceTree = "<group>"; };
		9D87F405286327DE00933C82 /* Base */ = {isa = PBXFileReference; lastKnownFileType = file.storyboard; name = Base; path = Base.lproj/LaunchScreen.storyboard; sourceTree = "<group>"; };
		9D87F407286327DE00933C82 /* Info.plist */ = {isa = PBXFileReference; lastKnownFileType = text.plist.xml; path = Info.plist; sourceTree = "<group>"; };
		9D87F40C286327DE00933C82 /* CompanyFinderTests.xctest */ = {isa = PBXFileReference; explicitFileType = wrapper.cfbundle; includeInIndex = 0; path = CompanyFinderTests.xctest; sourceTree = BUILT_PRODUCTS_DIR; };
		9D87F410286327DE00933C82 /* CompanyFinderTests.swift */ = {isa = PBXFileReference; lastKnownFileType = sourcecode.swift; path = CompanyFinderTests.swift; sourceTree = "<group>"; };
		9D87F416286327DE00933C82 /* CompanyFinderUITests.xctest */ = {isa = PBXFileReference; explicitFileType = wrapper.cfbundle; includeInIndex = 0; path = CompanyFinderUITests.xctest; sourceTree = BUILT_PRODUCTS_DIR; };
		9D87F41A286327DE00933C82 /* CompanyFinderUITests.swift */ = {isa = PBXFileReference; lastKnownFileType = sourcecode.swift; path = CompanyFinderUITests.swift; sourceTree = "<group>"; };
		9D87F41C286327DE00933C82 /* CompanyFinderUITestsLaunchTests.swift */ = {isa = PBXFileReference; lastKnownFileType = sourcecode.swift; path = CompanyFinderUITestsLaunchTests.swift; sourceTree = "<group>"; };
/* End PBXFileReference section */

/* Begin PBXFrameworksBuildPhase section */
		9D87F3F3286327DC00933C82 /* Frameworks */ = {
			isa = PBXFrameworksBuildPhase;
			buildActionMask = 2147483647;
			files = (
			);
			runOnlyForDeploymentPostprocessing = 0;
		};
		9D87F409286327DE00933C82 /* Frameworks */ = {
			isa = PBXFrameworksBuildPhase;
			buildActionMask = 2147483647;
			files = (
			);
			runOnlyForDeploymentPostprocessing = 0;
		};
		9D87F413286327DE00933C82 /* Frameworks */ = {
			isa = PBXFrameworksBuildPhase;
			buildActionMask = 2147483647;
			files = (
			);
			runOnlyForDeploymentPostprocessing = 0;
		};
/* End PBXFrameworksBuildPhase section */

/* Begin PBXGroup section */
		9D87F3ED286327DC00933C82 = {
			isa = PBXGroup;
			children = (
				9D87F3F8286327DC00933C82 /* CompanyFinder */,
				9D87F40F286327DE00933C82 /* CompanyFinderTests */,
				9D87F419286327DE00933C82 /* CompanyFinderUITests */,
				9D87F3F7286327DC00933C82 /* Products */,
			);
			sourceTree = "<group>";
		};
		9D87F3F7286327DC00933C82 /* Products */ = {
			isa = PBXGroup;
			children = (
				9D87F3F6286327DC00933C82 /* CompanyFinder.app */,
				9D87F40C286327DE00933C82 /* CompanyFinderTests.xctest */,
				9D87F416286327DE00933C82 /* CompanyFinderUITests.xctest */,
			);
			name = Products;
			sourceTree = "<group>";
		};
		9D87F3F8286327DC00933C82 /* CompanyFinder */ = {
			isa = PBXGroup;
			children = (
				9D87F3F9286327DC00933C82 /* AppDelegate.swift */,
				9D87F3FB286327DC00933C82 /* SceneDelegate.swift */,
				9D87F3FD286327DC00933C82 /* ViewController.swift */,
				9D87F3FF286327DC00933C82 /* Main.storyboard */,
				9D87F402286327DE00933C82 /* Assets.xcassets */,
				9D87F404286327DE00933C82 /* LaunchScreen.storyboard */,
				9D87F407286327DE00933C82 /* Info.plist */,
			);
			path = CompanyFinder;
			sourceTree = "<group>";
		};
		9D87F40F286327DE00933C82 /* CompanyFinderTests */ = {
			isa = PBXGroup;
			children = (
				9D87F410286327DE00933C82 /* CompanyFinderTests.swift */,
			);
			path = CompanyFinderTests;
			sourceTree = "<group>";
		};
		9D87F419286327DE00933C82 /* CompanyFinderUITests */ = {
			isa = PBXGroup;
			children = (
				9D87F41A286327DE00933C82 /* CompanyFinderUITests.swift */,
				9D87F41C286327DE00933C82 /* CompanyFinderUITestsLaunchTests.swift */,
			);
			path = CompanyFinderUITests;
			sourceTree = "<group>";
		};
/* End PBXGroup section */

/* Begin PBXNativeTarget section */
		9D87F3F5286327DC00933C82 /* CompanyFinder */ = {
			isa = PBXNativeTarget;
			buildConfigurationList = 9D87F420286327DE00933C82 /* Build configuration list for PBXNativeTarget "CompanyFinder" */;
			buildPhases = (
				9D87F3F2286327DC00933C82 /* Sources */,
				9D87F3F3286327DC00933C82 /* Frameworks */,
				9D87F3F4286327DC00933C82 /* Resources */,
			);
			buildRules = (
			);
			dependencies = (
			);
			name = CompanyFinder;
			productName = CompanyFinder;
			productReference = 9D87F3F6286327DC00933C82 /* CompanyFinder.app */;
			productType = "com.apple.product-type.application";
		};
		9D87F40B286327DE00933C82 /* CompanyFinderTests */ = {
			isa = PBXNativeTarget;
			buildConfigurationList = 9D87F423286327DE00933C82 /* Build configuration list for PBXNativeTarget "CompanyFinderTests" */;
			buildPhases = (
				9D87F408286327DE00933C82 /* Sources */,
				9D87F409286327DE00933C82 /* Frameworks */,
				9D87F40A286327DE00933C82 /* Resources */,
			);
			buildRules = (
			);
			dependencies = (
				9D87F40E286327DE00933C82 /* PBXTargetDependency */,
			);
			name = CompanyFinderTests;
			productName = CompanyFinderTests;
			productReference = 9D87F40C286327DE00933C82 /* CompanyFinderTests.xctest */;
			productType = "com.apple.product-type.bundle.unit-test";
		};
		9D87F415286327DE00933C82 /* CompanyFinderUITests */ = {
			isa = PBXNativeTarget;
			buildConfigurationList = 9D87F426286327DE00933C82 /* Build configuration list for PBXNativeTarget "CompanyFinderUITests" */;
			buildPhases = (
				9D87F412286327DE00933C82 /* Sources */,
				9D87F413286327DE00933C82 /* Frameworks */,
				9D87F414286327DE00933C82 /* Resources */,
			);
			buildRules = (
			);
			dependencies = (
				9D87F418286327DE00933C82 /* PBXTargetDependency */,
			);
			name = CompanyFinderUITests;
			productName = CompanyFinderUITests;
			productReference = 9D87F416286327DE00933C82 /* CompanyFinderUITests.xctest */;
			productType = "com.apple.product-type.bundle.ui-testing";
		};
/* End PBXNativeTarget section */

/* Begin PBXProject section */
		9D87F3EE286327DC00933C82 /* Project object */ = {
			isa = PBXProject;
			attributes = {
				BuildIndependentTargetsInParallel = 1;
				LastSwiftUpdateCheck = 1340;
				LastUpgradeCheck = 1340;
				TargetAttributes = {
					9D87F3F5286327DC00933C82 = {
						CreatedOnToolsVersion = 13.4.1;
					};
					9D87F40B286327DE00933C82 = {
						CreatedOnToolsVersion = 13.4.1;
						TestTargetID = 9D87F3F5286327DC00933C82;
					};
					9D87F415286327DE00933C82 = {
						CreatedOnToolsVersion = 13.4.1;
						TestTargetID = 9D87F3F5286327DC00933C82;
					};
				};
			};
			buildConfigurationList = 9D87F3F1286327DC00933C82 /* Build configuration list for PBXProject "CompanyFinder" */;
			compatibilityVersion = "Xcode 13.0";
			developmentRegion = en;
			hasScannedForEncodings = 0;
			knownRegions = (
				en,
				Base,
			);
			mainGroup = 9D87F3ED286327DC00933C82;
			productRefGroup = 9D87F3F7286327DC00933C82 /* Products */;
			projectDirPath = "";
			projectRoot = "";
			targets = (
				9D87F3F5286327DC00933C82 /* CompanyFinder */,
				9D87F40B286327DE00933C82 /* CompanyFinderTests */,
				9D87F415286327DE00933C82 /* CompanyFinderUITests */,
			);
		};
/* End PBXProject section */

/* Begin PBXResourcesBuildPhase section */
		9D87F3F4286327DC00933C82 /* Resources */ = {
			isa = PBXResourcesBuildPhase;
			buildActionMask = 2147483647;
			files = (
				9D87F406286327DE00933C82 /* LaunchScreen.storyboard in Resources */,
				9D87F403286327DE00933C82 /* Assets.xcassets in Resources */,
				9D87F401286327DC00933C82 /* Main.storyboard in Resources */,
			);
			runOnlyForDeploymentPostprocessing = 0;
		};
		9D87F40A286327DE00933C82 /* Resources */ = {
			isa = PBXResourcesBuildPhase;
			buildActionMask = 2147483647;
			files = (
			);
			runOnlyForDeploymentPostprocessing = 0;
		};
		9D87F414286327DE00933C82 /* Resources */ = {
			isa = PBXResourcesBuildPhase;
			buildActionMask = 2147483647;
			files = (
			);
			runOnlyForDeploymentPostprocessing = 0;
		};
/* End PBXResourcesBuildPhase section */

/* Begin PBXSourcesBuildPhase section */
		9D87F3F2286327DC00933C82 /* Sources */ = {
			isa = PBXSourcesBuildPhase;
			buildActionMask = 2147483647;
			files = (
				9D87F3FE286327DC00933C82 /* ViewController.swift in Sources */,
				9D87F3FA286327DC00933C82 /* AppDelegate.swift in Sources */,
				9D87F3FC286327DC00933C82 /* SceneDelegate.swift in Sources */,
			);
			runOnlyForDeploymentPostprocessing = 0;
		};
		9D87F408286327DE00933C82 /* Sources */ = {
			isa = PBXSourcesBuildPhase;
			buildActionMask = 2147483647;
			files = (
				9D87F411286327DE00933C82 /* CompanyFinderTests.swift in Sources */,
			);
			runOnlyForDeploymentPostprocessing = 0;
		};
		9D87F412286327DE00933C82 /* Sources */ = {
			isa = PBXSourcesBuildPhase;
			buildActionMask = 2147483647;
			files = (
				9D87F41D286327DE00933C82 /* CompanyFinderUITestsLaunchTests.swift in Sources */,
				9D87F41B286327DE00933C82 /* CompanyFinderUITests.swift in Sources */,
			);
			runOnlyForDeploymentPostprocessing = 0;
		};
/* End PBXSourcesBuildPhase section */

/* Begin PBXTargetDependency section */
		9D87F40E286327DE00933C82 /* PBXTargetDependency */ = {
			isa = PBXTargetDependency;
			target = 9D87F3F5286327DC00933C82 /* CompanyFinder */;
			targetProxy = 9D87F40D286327DE00933C82 /* PBXContainerItemProxy */;
		};
		9D87F418286327DE00933C82 /* PBXTargetDependency */ = {
			isa = PBXTargetDependency;
			target = 9D87F3F5286327DC00933C82 /* CompanyFinder */;
			targetProxy = 9D87F417286327DE00933C82 /* PBXContainerItemProxy */;
		};
/* End PBXTargetDependency section */

/* Begin PBXVariantGroup section */
		9D87F3FF286327DC00933C82 /* Main.storyboard */ = {
			isa = PBXVariantGroup;
			children = (
				9D87F400286327DC00933C82 /* Base */,
			);
			name = Main.storyboard;
			sourceTree = "<group>";
		};
		9D87F404286327DE00933C82 /* LaunchScreen.storyboard */ = {
			isa = PBXVariantGroup;
			children = (
				9D87F405286327DE00933C82 /* Base */,
			);
			name = LaunchScreen.storyboard;
			sourceTree = "<group>";
		};
/* End PBXVariantGroup section */

/* Begin XCBuildConfiguration section */
		9D87F41E286327DE00933C82 /* Debug */ = {
			isa = XCBuildConfiguration;
			buildSettings = {
				ALWAYS_SEARCH_USER_PATHS = NO;
				CLANG_ANALYZER_NONNULL = YES;
				CLANG_ANALYZER_NUMBER_OBJECT_CONVERSION = YES_AGGRESSIVE;
				CLANG_CXX_LANGUAGE_STANDARD = "gnu++17";
				CLANG_ENABLE_MODULES = YES;
				CLANG_ENABLE_OBJC_ARC = YES;
				CLANG_ENABLE_OBJC_WEAK = YES;
				CLANG_WARN_BLOCK_CAPTURE_AUTORELEASING = YES;
				CLANG_WARN_BOOL_CONVERSION = YES;
				CLANG_WARN_COMMA = YES;
				CLANG_WARN_CONSTANT_CONVERSION = YES;
				CLANG_WARN_DEPRECATED_OBJC_IMPLEMENTATIONS = YES;
				CLANG_WARN_DIRECT_OBJC_ISA_USAGE = YES_ERROR;
				CLANG_WARN_DOCUMENTATION_COMMENTS = YES;
				CLANG_WARN_EMPTY_BODY = YES;
				CLANG_WARN_ENUM_CONVERSION = YES;
				CLANG_WARN_INFINITE_RECURSION = YES;
				CLANG_WARN_INT_CONVERSION = YES;
				CLANG_WARN_NON_LITERAL_NULL_CONVERSION = YES;
				CLANG_WARN_OBJC_IMPLICIT_RETAIN_SELF = YES;
				CLANG_WARN_OBJC_LITERAL_CONVERSION = YES;
				CLANG_WARN_OBJC_ROOT_CLASS = YES_ERROR;
				CLANG_WARN_QUOTED_INCLUDE_IN_FRAMEWORK_HEADER = YES;
				CLANG_WARN_RANGE_LOOP_ANALYSIS = YES;
				CLANG_WARN_STRICT_PROTOTYPES = YES;
				CLANG_WARN_SUSPICIOUS_MOVE = YES;
				CLANG_WARN_UNGUARDED_AVAILABILITY = YES_AGGRESSIVE;
				CLANG_WARN_UNREACHABLE_CODE = YES;
				CLANG_WARN__DUPLICATE_METHOD_MATCH = YES;
				COPY_PHASE_STRIP = NO;
				DEBUG_INFORMATION_FORMAT = dwarf;
				ENABLE_STRICT_OBJC_MSGSEND = YES;
				ENABLE_TESTABILITY = YES;
				GCC_C_LANGUAGE_STANDARD = gnu11;
				GCC_DYNAMIC_NO_PIC = NO;
				GCC_NO_COMMON_BLOCKS = YES;
				GCC_OPTIMIZATION_LEVEL = 0;
				GCC_PREPROCESSOR_DEFINITIONS = (
					"DEBUG=1",
					"$(inherited)",
				);
				GCC_WARN_64_TO_32_BIT_CONVERSION = YES;
				GCC_WARN_ABOUT_RETURN_TYPE = YES_ERROR;
				GCC_WARN_UNDECLARED_SELECTOR = YES;
				GCC_WARN_UNINITIALIZED_AUTOS = YES_AGGRESSIVE;
				GCC_WARN_UNUSED_FUNCTION = YES;
				GCC_WARN_UNUSED_VARIABLE = YES;
				IPHONEOS_DEPLOYMENT_TARGET = 15.5;
				MTL_ENABLE_DEBUG_INFO = INCLUDE_SOURCE;
				MTL_FAST_MATH = YES;
				ONLY_ACTIVE_ARCH = YES;
				SDKROOT = iphoneos;
				SWIFT_ACTIVE_COMPILATION_CONDITIONS = DEBUG;
				SWIFT_OPTIMIZATION_LEVEL = "-Onone";
			};
			name = Debug;
		};
		9D87F41F286327DE00933C82 /* Release */ = {
			isa = XCBuildConfiguration;
			buildSettings = {
				ALWAYS_SEARCH_USER_PATHS = NO;
				CLANG_ANALYZER_NONNULL = YES;
				CLANG_ANALYZER_NUMBER_OBJECT_CONVERSION = YES_AGGRESSIVE;
				CLANG_CXX_LANGUAGE_STANDARD = "gnu++17";
				CLANG_ENABLE_MODULES = YES;
				CLANG_ENABLE_OBJC_ARC = YES;
				CLANG_ENABLE_OBJC_WEAK = YES;
				CLANG_WARN_BLOCK_CAPTURE_AUTORELEASING = YES;
				CLANG_WARN_BOOL_CONVERSION = YES;
				CLANG_WARN_COMMA = YES;
				CLANG_WARN_CONSTANT_CONVERSION = YES;
				CLANG_WARN_DEPRECATED_OBJC_IMPLEMENTATIONS = YES;
				CLANG_WARN_DIRECT_OBJC_ISA_USAGE = YES_ERROR;
				CLANG_WARN_DOCUMENTATION_COMMENTS = YES;
				CLANG_WARN_EMPTY_BODY = YES;
				CLANG_WARN_ENUM_CONVERSION = YES;
				CLANG_WARN_INFINITE_RECURSION = YES;
				CLANG_WARN_INT_CONVERSION = YES;
				CLANG_WARN_NON_LITERAL_NULL_CONVERSION = YES;
				CLANG_WARN_OBJC_IMPLICIT_RETAIN_SELF = YES;
				CLANG_WARN_OBJC_LITERAL_CONVERSION = YES;
				CLANG_WARN_OBJC_ROOT_CLASS = YES_ERROR;
				CLANG_WARN_QUOTED_INCLUDE_IN_FRAMEWORK_HEADER = YES;
				CLANG_WARN_RANGE_LOOP_ANALYSIS = YES;
				CLANG_WARN_STRICT_PROTOTYPES = YES;
				CLANG_WARN_SUSPICIOUS_MOVE = YES;
				CLANG_WARN_UNGUARDED_AVAILABILITY = YES_AGGRESSIVE;
				CLANG_WARN_UNREACHABLE_CODE = YES;
				CLANG_WARN__DUPLICATE_METHOD_MATCH = YES;
				COPY_PHASE_STRIP = NO;
				DEBUG_INFORMATION_FORMAT = "dwarf-with-dsym";
				ENABLE_NS_ASSERTIONS = NO;
				ENABLE_STRICT_OBJC_MSGSEND = YES;
				GCC_C_LANGUAGE_STANDARD = gnu11;
				GCC_NO_COMMON_BLOCKS = YES;
				GCC_WARN_64_TO_32_BIT_CONVERSION = YES;
				GCC_WARN_ABOUT_RETURN_TYPE = YES_ERROR;
				GCC_WARN_UNDECLARED_SELECTOR = YES;
				GCC_WARN_UNINITIALIZED_AUTOS = YES_AGGRESSIVE;
				GCC_WARN_UNUSED_FUNCTION = YES;
				GCC_WARN_UNUSED_VARIABLE = YES;
				IPHONEOS_DEPLOYMENT_TARGET = 15.5;
				MTL_ENABLE_DEBUG_INFO = NO;
				MTL_FAST_MATH = YES;
				SDKROOT = iphoneos;
				SWIFT_COMPILATION_MODE = wholemodule;
				SWIFT_OPTIMIZATION_LEVEL = "-O";
				VALIDATE_PRODUCT = YES;
			};
			name = Release;
		};
		9D87F421286327DE00933C82 /* Debug */ = {
			isa = XCBuildConfiguration;
			buildSettings = {
				ASSETCATALOG_COMPILER_APPICON_NAME = AppIcon;
				ASSETCATALOG_COMPILER_GLOBAL_ACCENT_COLOR_NAME = AccentColor;
				CODE_SIGN_STYLE = Automatic;
				CURRENT_PROJECT_VERSION = 1;
				GENERATE_INFOPLIST_FILE = YES;
				INFOPLIST_FILE = CompanyFinder/Info.plist;
				INFOPLIST_KEY_UIApplicationSupportsIndirectInputEvents = YES;
				INFOPLIST_KEY_UILaunchStoryboardName = LaunchScreen;
				INFOPLIST_KEY_UIMainStoryboardFile = Main;
				INFOPLIST_KEY_UISupportedInterfaceOrientations_iPad = "UIInterfaceOrientationPortrait UIInterfaceOrientationPortraitUpsideDown UIInterfaceOrientationLandscapeLeft UIInterfaceOrientationLandscapeRight";
				INFOPLIST_KEY_UISupportedInterfaceOrientations_iPhone = "UIInterfaceOrientationPortrait UIInterfaceOrientationLandscapeLeft UIInterfaceOrientationLandscapeRight";
				LD_RUNPATH_SEARCH_PATHS = (
					"$(inherited)",
					"@executable_path/Frameworks",
				);
				MARKETING_VERSION = 1.0;
				PRODUCT_BUNDLE_IDENTIFIER = com.iosapps.CompanyFinder;
				PRODUCT_NAME = "$(TARGET_NAME)";
				SWIFT_EMIT_LOC_STRINGS = YES;
				SWIFT_VERSION = 5.0;
				TARGETED_DEVICE_FAMILY = "1,2";
			};
			name = Debug;
		};
		9D87F422286327DE00933C82 /* Release */ = {
			isa = XCBuildConfiguration;
			buildSettings = {
				ASSETCATALOG_COMPILER_APPICON_NAME = AppIcon;
				ASSETCATALOG_COMPILER_GLOBAL_ACCENT_COLOR_NAME = AccentColor;
				CODE_SIGN_STYLE = Automatic;
				CURRENT_PROJECT_VERSION = 1;
				GENERATE_INFOPLIST_FILE = YES;
				INFOPLIST_FILE = CompanyFinder/Info.plist;
				INFOPLIST_KEY_UIApplicationSupportsIndirectInputEvents = YES;
				INFOPLIST_KEY_UILaunchStoryboardName = LaunchScreen;
				INFOPLIST_KEY_UIMainStoryboardFile = Main;
				INFOPLIST_KEY_UISupportedInterfaceOrientations_iPad = "UIInterfaceOrientationPortrait UIInterfaceOrientationPortraitUpsideDown UIInterfaceOrientationLandscapeLeft UIInterfaceOrientationLandscapeRight";
				INFOPLIST_KEY_UISupportedInterfaceOrientations_iPhone = "UIInterfaceOrientationPortrait UIInterfaceOrientationLandscapeLeft UIInterfaceOrientationLandscapeRight";
				LD_RUNPATH_SEARCH_PATHS = (
					"$(inherited)",
					"@executable_path/Frameworks",
				);
				MARKETING_VERSION = 1.0;
				PRODUCT_BUNDLE_IDENTIFIER = com.iosapps.CompanyFinder;
				PRODUCT_NAME = "$(TARGET_NAME)";
				SWIFT_EMIT_LOC_STRINGS = YES;
				SWIFT_VERSION = 5.0;
				TARGETED_DEVICE_FAMILY = "1,2";
			};
			name = Release;
		};
		9D87F424286327DE00933C82 /* Debug */ = {
			isa = XCBuildConfiguration;
			buildSettings = {
				ALWAYS_EMBED_SWIFT_STANDARD_LIBRARIES = YES;
				BUNDLE_LOADER = "$(TEST_HOST)";
				CODE_SIGN_STYLE = Automatic;
				CURRENT_PROJECT_VERSION = 1;
				GENERATE_INFOPLIST_FILE = YES;
				IPHONEOS_DEPLOYMENT_TARGET = 15.5;
				MARKETING_VERSION = 1.0;
				PRODUCT_BUNDLE_IDENTIFIER = com.iosapps.CompanyFinderTests;
				PRODUCT_NAME = "$(TARGET_NAME)";
				SWIFT_EMIT_LOC_STRINGS = NO;
				SWIFT_VERSION = 5.0;
				TARGETED_DEVICE_FAMILY = "1,2";
				TEST_HOST = "$(BUILT_PRODUCTS_DIR)/CompanyFinder.app/CompanyFinder";
			};
			name = Debug;
		};
		9D87F425286327DE00933C82 /* Release */ = {
			isa = XCBuildConfiguration;
			buildSettings = {
				ALWAYS_EMBED_SWIFT_STANDARD_LIBRARIES = YES;
				BUNDLE_LOADER = "$(TEST_HOST)";
				CODE_SIGN_STYLE = Automatic;
				CURRENT_PROJECT_VERSION = 1;
				GENERATE_INFOPLIST_FILE = YES;
				IPHONEOS_DEPLOYMENT_TARGET = 15.5;
				MARKETING_VERSION = 1.0;
				PRODUCT_BUNDLE_IDENTIFIER = com.iosapps.CompanyFinderTests;
				PRODUCT_NAME = "$(TARGET_NAME)";
				SWIFT_EMIT_LOC_STRINGS = NO;
				SWIFT_VERSION = 5.0;
				TARGETED_DEVICE_FAMILY = "1,2";
				TEST_HOST = "$(BUILT_PRODUCTS_DIR)/CompanyFinder.app/CompanyFinder";
			};
			name = Release;
		};
		9D87F427286327DE00933C82 /* Debug */ = {
			isa = XCBuildConfiguration;
			buildSettings = {
				ALWAYS_EMBED_SWIFT_STANDARD_LIBRARIES = YES;
				CODE_SIGN_STYLE = Automatic;
				CURRENT_PROJECT_VERSION = 1;
				GENERATE_INFOPLIST_FILE = YES;
				MARKETING_VERSION = 1.0;
				PRODUCT_BUNDLE_IDENTIFIER = com.iosapps.CompanyFinderUITests;
				PRODUCT_NAME = "$(TARGET_NAME)";
				SWIFT_EMIT_LOC_STRINGS = NO;
				SWIFT_VERSION = 5.0;
				TARGETED_DEVICE_FAMILY = "1,2";
				TEST_TARGET_NAME = CompanyFinder;
			};
			name = Debug;
		};
		9D87F428286327DE00933C82 /* Release */ = {
			isa = XCBuildConfiguration;
			buildSettings = {
				ALWAYS_EMBED_SWIFT_STANDARD_LIBRARIES = YES;
				CODE_SIGN_STYLE = Automatic;
				CURRENT_PROJECT_VERSION = 1;
				GENERATE_INFOPLIST_FILE = YES;
				MARKETING_VERSION = 1.0;
				PRODUCT_BUNDLE_IDENTIFIER = com.iosapps.CompanyFinderUITests;
				PRODUCT_NAME = "$(TARGET_NAME)";
				SWIFT_EMIT_LOC_STRINGS = NO;
				SWIFT_VERSION = 5.0;
				TARGETED_DEVICE_FAMILY = "1,2";
				TEST_TARGET_NAME = CompanyFinder;
			};
			name = Release;
		};
/* End XCBuildConfiguration section */

/* Begin XCConfigurationList section */
		9D87F3F1286327DC00933C82 /* Build configuration list for PBXProject "CompanyFinder" */ = {
			isa = XCConfigurationList;
			buildConfigurations = (
				9D87F41E286327DE00933C82 /* Debug */,
				9D87F41F286327DE00933C82 /* Release */,
			);
			defaultConfigurationIsVisible = 0;
			defaultConfigurationName = Release;
		};
		9D87F420286327DE00933C82 /* Build configuration list for PBXNativeTarget "CompanyFinder" */ = {
			isa = XCConfigurationList;
			buildConfigurations = (
				9D87F421286327DE00933C82 /* Debug */,
				9D87F422286327DE00933C82 /* Release */,
			);
			defaultConfigurationIsVisible = 0;
			defaultConfigurationName = Release;
		};
		9D87F423286327DE00933C82 /* Build configuration list for PBXNativeTarget "CompanyFinderTests" */ = {
			isa = XCConfigurationList;
			buildConfigurations = (
				9D87F424286327DE00933C82 /* Debug */,
				9D87F425286327DE00933C82 /* Release */,
			);
			defaultConfigurationIsVisible = 0;
			defaultConfigurationName = Release;
		};
		9D87F426286327DE00933C82 /* Build configuration list for PBXNativeTarget "CompanyFinderUITests" */ = {
			isa = XCConfigurationList;
			buildConfigurations = (
				9D87F427286327DE00933C82 /* Debug */,
				9D87F428286327DE00933C82 /* Release */,
			);
			defaultConfigurationIsVisible = 0;
			defaultConfigurationName = Release;
		};
/* End XCConfigurationList section */
	};
	rootObject = 9D87F3EE286327DC00933C82 /* Project object */;
}
